
Microsoft Visual Studio Solution File, Format Version 12.00
# Visual Studio Version 17
VisualStudioVersion = 17.2.32630.192
MinimumVisualStudioVersion = 10.0.40219.1
Project("{FAE04EC0-301F-11D3-BF4B-00C04F79EFBC}") = "Api_ZoStore", "Api_ZoStore.csproj", "{BAA10A29-3D4C-44C7-BC8E-2348C23E11F7}"
EndProject
Global
	GlobalSection(SolutionConfigurationPlatforms) = preSolution
		Debug|Any CPU = Debug|Any CPU
		Release|Any CPU = Release|Any CPU
	EndGlobalSection
	GlobalSection(ProjectConfigurationPlatforms) = postSolution
		{BAA10A29-3D4C-44C7-BC8E-2348C23E11F7}.Debug|Any CPU.ActiveCfg = Debug|Any CPU
		{BAA10A29-3D4C-44C7-BC8E-2348C23E11F7}.Debug|Any CPU.Build.0 = Debug|Any CPU
		{BAA10A29-3D4C-44C7-BC8E-2348C23E11F7}.Release|Any CPU.ActiveCfg = Release|Any CPU
		{BAA10A29-3D4C-44C7-BC8E-2348C23E11F7}.Release|Any CPU.Build.0 = Release|Any CPU
	EndGlobalSection
	GlobalSection(SolutionProperties) = preSolution
		HideSolutionNode = FALSE
	EndGlobalSection
	GlobalSection(ExtensibilityGlobals) = postSolution
		SolutionGuid = {5BAEB501-2244-4315-937E-FE97FA7FB2CA}
	EndGlobalSection
EndGlobal
